{
	"name": "control-panel",
	"version": "1.0.0",
	"lockfileVersion": 1,
	"requires": true,
	"dependencies": {
		"arg": {
			"version": "4.1.0",
			"resolved": "https://registry.npmjs.org/arg/-/arg-4.1.0.tgz",
			"integrity": "sha512-ZWc51jO3qegGkVh8Hwpv636EkbesNV5ZNQPCtRa+0qytRYPEs9IYT9qITY9buezqUH5uqyzlWLcufrzU2rffdg==",
			"dev": true
		},
		"buffer-from": {
			"version": "1.1.1",
			"resolved": "https://registry.npmjs.org/buffer-from/-/buffer-from-1.1.1.tgz",
			"integrity": "sha512-MQcXEUbCKtEo7bhqEs6560Hyd4XaovZlO/k9V3hjVUF/zwW7KBVdSK4gIt/bzwS9MbR5qob+F5jusZsb0YQK2A==",
			"dev": true
		},
		"diff": {
			"version": "4.0.1",
			"resolved": "https://registry.npmjs.org/diff/-/diff-4.0.1.tgz",
			"integrity": "sha512-s2+XdvhPCOF01LRQBC8hf4vhbVmI2CGS5aZnxLJlT5FtdhPCDFq80q++zK2KlrVorVDdL5BOGZ/VfLrVtYNF+Q==",
			"dev": true
		},
		"global-code-utils": {
			"version": "1.0.1",
			"resolved": "https://registry.npm.taobao.org/global-code-utils/download/global-code-utils-1.0.1.tgz",
			"requires": {
				"lodash": "^4.17.11",
				"shelljs": "^0.8.3"
			},
			"dependencies": {
				"lodash": {
					"version": "https://registry.npm.taobao.org/lodash/download/lodash-4.17.11.tgz",
					"bundled": true
				},
				"moment": {
					"version": "https://registry.npm.taobao.org/moment/download/moment-2.24.0.tgz",
					"bundled": true
				},
				"shelljs": {
					"version": "https://registry.npm.taobao.org/shelljs/download/shelljs-0.8.3.tgz?cache=0&other_urls=https%3A%2F%2Fregistry.npm.taobao.org%2Fshelljs%2Fdownload%2Fshelljs-0.8.3.tgz",
					"bundled": true
				}
			}
		},
		"lodash": {
			"version": "4.17.11",
			"resolved": "https://registry.npm.taobao.org/lodash/download/lodash-4.17.11.tgz"
		},
		"make-error": {
			"version": "1.3.5",
			"resolved": "https://registry.npmjs.org/make-error/-/make-error-1.3.5.tgz",
			"integrity": "sha512-c3sIjNUow0+8swNwVpqoH4YCShKNFkMaw6oH1mNS2haDZQqkeZFlHS3dhoeEbKKmJB4vXpJucU6oH75aDYeE9g==",
			"dev": true
		},
		"shelljs": {
			"version": "0.8.3",
			"resolved": "https://registry.npm.taobao.org/shelljs/download/shelljs-0.8.3.tgz?cache=0&other_urls=https%3A%2F%2Fregistry.npm.taobao.org%2Fshelljs%2Fdownload%2Fshelljs-0.8.3.tgz",
			"dependencies": {
				"glob": {
					"version": "https://registry.npm.taobao.org/glob/download/glob-7.1.4.tgz",
					"bundled": true,
					"dependencies": {
						"fs.realpath": {
							"version": "https://registry.npm.taobao.org/fs.realpath/download/fs.realpath-1.0.0.tgz"
						},
						"inflight": {
							"version": "https://registry.npm.taobao.org/inflight/download/inflight-1.0.6.tgz"
						},
						"inherits": {
							"version": "https://registry.npm.taobao.org/inherits/download/inherits-2.0.4.tgz?cache=0&sync_timestamp=1560975547815&other_urls=https%3A%2F%2Fregistry.npm.taobao.org%2Finherits%2Fdownload%2Finherits-2.0.4.tgz"
						},
						"minimatch": {
							"version": "https://registry.npm.taobao.org/minimatch/download/minimatch-3.0.4.tgz",
							"dependencies": {
								"brace-expansion": {
									"version": "https://registry.npm.taobao.org/brace-expansion/download/brace-expansion-1.1.11.tgz",
									"dependencies": {
										"balanced-match": {
											"version": "https://registry.npm.taobao.org/balanced-match/download/balanced-match-1.0.0.tgz"
										},
										"concat-map": {
											"version": "https://registry.npm.taobao.org/concat-map/download/concat-map-0.0.1.tgz"
										}
									}
								}
							}
						},
						"once": {
							"version": "https://registry.npm.taobao.org/once/download/once-1.4.0.tgz",
							"dependencies": {
								"wrappy": {
									"version": "https://registry.npm.taobao.org/wrappy/download/wrappy-1.0.2.tgz"
								}
							}
						},
						"path-is-absolute": {
							"version": "https://registry.npm.taobao.org/path-is-absolute/download/path-is-absolute-1.0.1.tgz"
						}
					}
				},
				"interpret": {
					"version": "https://registry.npm.taobao.org/interpret/download/interpret-1.2.0.tgz",
					"bundled": true
				},
				"rechoir": {
					"version": "https://registry.npm.taobao.org/rechoir/download/rechoir-0.6.2.tgz",
					"bundled": true
				}
			}
		},
		"source-map": {
			"version": "0.6.1",
			"resolved": "https://registry.npmjs.org/source-map/-/source-map-0.6.1.tgz",
			"integrity": "sha512-UjgapumWlbMhkBgzT7Ykc5YXUT46F0iKu8SGXq0bcwP5dz/h0Plj6enJqjz1Zbq2l5WaqYnrVbwWOWMyF3F47g==",
			"dev": true
		},
		"source-map-support": {
			"version": "0.5.12",
			"resolved": "https://registry.npmjs.org/source-map-support/-/source-map-support-0.5.12.tgz",
			"integrity": "sha512-4h2Pbvyy15EE02G+JOZpUCmqWJuqrs+sEkzewTm++BPi7Hvn/HwcqLAcNxYAyI0x13CpPPn+kMjl+hplXMHITQ==",
			"dev": true,
			"requires": {
				"buffer-from": "^1.0.0",
				"source-map": "^0.6.0"
			}
		},
		"ts-node": {
			"version": "8.3.0",
			"resolved": "https://registry.npmjs.org/ts-node/-/ts-node-8.3.0.tgz",
			"integrity": "sha512-dyNS/RqyVTDcmNM4NIBAeDMpsAdaQ+ojdf0GOLqE6nwJOgzEkdRNzJywhDfwnuvB10oa6NLVG1rUJQCpRN7qoQ==",
			"dev": true,
			"requires": {
				"arg": "^4.1.0",
				"diff": "^4.0.1",
				"make-error": "^1.1.1",
				"source-map-support": "^0.5.6",
				"yn": "^3.0.0"
			}
		},
		"yn": {
			"version": "3.1.0",
			"resolved": "https://registry.npmjs.org/yn/-/yn-3.1.0.tgz",
			"integrity": "sha512-kKfnnYkbTfrAdd0xICNFw7Atm8nKpLcLv9AZGEt+kczL/WQVai4e2V6ZN8U/O+iI6WrNuJjNNOyu4zfhl9D3Hg==",
			"dev": true
		}
	}
}
